{
  "lockfileVersion": 2,
  "configVersion": 1,
  "workspaces": {
    "": {
      "name": "personal-omp-plugin-marketplace",
      "devDependencies": {
        "@oh-my-pi/pi-catalog": "18.6.1",
      },
    },
  },
  "packages": {
    "@oh-my-pi/omptype": ["@oh-my-pi/omptype@18.6.1", "", {}, "sha512-XSs+m/T7GbYQFurfXv9FQV53ezdxcywF+0xkTZRGsB6YIHV6Coa5vjFVVYDHLDZtoNoj0OrpjSy30kxfw5Iojw=="],

    "@oh-my-pi/pi-catalog": ["@oh-my-pi/pi-catalog@18.6.1", "", { "dependencies": { "@oh-my-pi/omptype": "18.6.1", "@oh-my-pi/pi-utils": "18.6.1" } }, "sha512-waPK5y6jYiurTKjXbTYjKiJJ2DwBP0lBqshYXA1q+ex2+gcbJHueXCZsxbxmkX7McAxmnfzk+waAAd9ESt7R9g=="],

    "@oh-my-pi/pi-natives": ["@oh-my-pi/pi-natives@18.6.1", "", { "optionalDependencies": { "@oh-my-pi/pi-natives-darwin-arm64": "18.6.1", "@oh-my-pi/pi-natives-darwin-x64": "18.6.1", "@oh-my-pi/pi-natives-linux-arm64": "18.6.1", "@oh-my-pi/pi-natives-linux-x64": "18.6.1", "@oh-my-pi/pi-natives-win32-arm64": "18.6.1", "@oh-my-pi/pi-natives-win32-x64": "18.6.1" } }, "sha512-hEORSu2AaTzu9gCDblKkdsbXXbDKwi2nA/IALXBxosRwuaZDjmWwOEbCoaO7DXbHwUkHUsEU60RZgRBb0XA2MA=="],

    "@oh-my-pi/pi-natives-darwin-arm64": ["@oh-my-pi/pi-natives-darwin-arm64@18.6.1", "", { "os": "darwin", "cpu": "arm64" }, "sha512-+rxJXlPNDD/FD3EM37bBzY2lemTtfgkoLXafHk8Q+wNPcuiLpHTKyyUqyGnzwX8Ai8E3Ws89Y+4czs6s4BiH9w=="],

    "@oh-my-pi/pi-natives-darwin-x64": ["@oh-my-pi/pi-natives-darwin-x64@18.6.1", "", { "os": "darwin", "cpu": "x64" }, "sha512-xlqT1mC8hPUeNZvVn3S45ST/2ptOyCb72btK3UFZCFCNjv0wi60sZN43cWQ7Zb8VlnmjD5V5O1tZW479i6RbUA=="],

    "@oh-my-pi/pi-natives-linux-arm64": ["@oh-my-pi/pi-natives-linux-arm64@18.6.1", "", { "os": "linux", "cpu": "arm64" }, "sha512-GATzSJvdaQ3NUm9OcJonQAgGJFPhgDewKyg+oy1D5b61T/dr8u2hE5tHUE5PqRAlBO9aPxamb7HSbrR15VNxew=="],

    "@oh-my-pi/pi-natives-linux-x64": ["@oh-my-pi/pi-natives-linux-x64@18.6.1", "", { "os": "linux", "cpu": "x64" }, "sha512-SCv1GsZ03uMeACNuDa4Tibwn6nNQaM06GuyuFuqEuVVdMvBefCO2gwa1dQJEGQHxsL+ARQfP0AfEYUAumH1odQ=="],

    "@oh-my-pi/pi-natives-win32-arm64": ["@oh-my-pi/pi-natives-win32-arm64@18.6.1", "", { "os": "win32", "cpu": "arm64" }, "sha512-e28u3CMSYEMTSidK0ZkVYpSA0EANrSpP1tkBuBuFjMhgUG5FL+RhEnZjGut1knpc7wMps3wDwArdq6oDADJiJQ=="],

    "@oh-my-pi/pi-natives-win32-x64": ["@oh-my-pi/pi-natives-win32-x64@18.6.1", "", { "os": "win32", "cpu": "x64" }, "sha512-ir8HrtCtLpj39Pczsqes04rMphI3K3e9mPgvF8piaroMcebnnLD7jeS0GFen2bjafmRpVoipK9sXWSSc0599TA=="],

    "@oh-my-pi/pi-utils": ["@oh-my-pi/pi-utils@18.6.1", "", { "dependencies": { "@oh-my-pi/pi-natives": "18.6.1" } }, "sha512-BGe+W722o4sYvP3yt6Vs1hbLypqH3GHn02i0SbaF8a31JaEyWB6pvl1+PO5jVMBStpcopQv7Yg2aU0HNHDj6bw=="],
  }
}
